
Microsoft Visual Studio Solution File, Format Version 12.00
# Visual Studio Version 17
VisualStudioVersion = 17.4.33205.214
MinimumVisualStudioVersion = 10.0.40219.1
Project("{FAE04EC0-301F-11D3-BF4B-00C04F79EFBC}") = "Fille", "Fille.csproj", "{CE856876-15CC-4EE2-A43C-26DF93C81864}"
EndProject
Global
	GlobalSection(SolutionConfigurationPlatforms) = preSolution
		Debug|Any CPU = Debug|Any CPU
		Release|Any CPU = Release|Any CPU
	EndGlobalSection
	GlobalSection(ProjectConfigurationPlatforms) = postSolution
		{CE856876-15CC-4EE2-A43C-26DF93C81864}.Debug|Any CPU.ActiveCfg = Debug|Any CPU
		{CE856876-15CC-4EE2-A43C-26DF93C81864}.Debug|Any CPU.Build.0 = Debug|Any CPU
		{CE856876-15CC-4EE2-A43C-26DF93C81864}.Release|Any CPU.ActiveCfg = Release|Any CPU
		{CE856876-15CC-4EE2-A43C-26DF93C81864}.Release|Any CPU.Build.0 = Release|Any CPU
	EndGlobalSection
	GlobalSection(SolutionProperties) = preSolution
		HideSolutionNode = FALSE
	EndGlobalSection
	GlobalSection(ExtensibilityGlobals) = postSolution
		SolutionGuid = {C879D441-DFA9-4BE2-BFA0-50E3F177FB9E}
	EndGlobalSection
EndGlobal
